
Microsoft Visual Studio Solution File, Format Version 12.00
# Visual Studio 2012
Project("{FAE04EC0-301F-11D3-BF4B-00C04F79EFBC}") = "FindMyCar.iOS", "FindMyCar.iOS.csproj", "{7D3FEF3F-BF2D-4C26-A8AA-177CE080351F}"
EndProject
Global
	GlobalSection(SolutionConfigurationPlatforms) = preSolution
		Debug|iPhoneSimulator = Debug|iPhoneSimulator
		Release|iPhone = Release|iPhone
		Release|iPhoneSimulator = Release|iPhoneSimulator
		Debug|iPhone = Debug|iPhone
	EndGlobalSection
	GlobalSection(ProjectConfigurationPlatforms) = postSolution
		{7D3FEF3F-BF2D-4C26-A8AA-177CE080351F}.Debug|iPhoneSimulator.ActiveCfg = Debug|iPhoneSimulator
		{7D3FEF3F-BF2D-4C26-A8AA-177CE080351F}.Debug|iPhoneSimulator.Build.0 = Debug|iPhoneSimulator
		{7D3FEF3F-BF2D-4C26-A8AA-177CE080351F}.Release|iPhone.ActiveCfg = Release|iPhone
		{7D3FEF3F-BF2D-4C26-A8AA-177CE080351F}.Release|iPhone.Build.0 = Release|iPhone
		{7D3FEF3F-BF2D-4C26-A8AA-177CE080351F}.Release|iPhoneSimulator.ActiveCfg = Release|iPhoneSimulator
		{7D3FEF3F-BF2D-4C26-A8AA-177CE080351F}.Release|iPhoneSimulator.Build.0 = Release|iPhoneSimulator
		{7D3FEF3F-BF2D-4C26-A8AA-177CE080351F}.Debug|iPhone.ActiveCfg = Debug|iPhone
		{7D3FEF3F-BF2D-4C26-A8AA-177CE080351F}.Debug|iPhone.Build.0 = Debug|iPhone
	EndGlobalSection
EndGlobal
